
Microsoft Visual Studio Solution File, Format Version 12.00
# Visual Studio Version 17
VisualStudioVersion = 17.11.35222.181
MinimumVisualStudioVersion = 10.0.40219.1
Project("{FAE04EC0-301F-11D3-BF4B-00C04F79EFBC}") = "clientHost", "clientHost\clientHost.csproj", "{F75A8267-481C-47DA-B904-ABDC9D3FD47F}"
EndProject
Global
	GlobalSection(SolutionConfigurationPlatforms) = preSolution
		Debug|Any CPU = Debug|Any CPU
		Release|Any CPU = Release|Any CPU
	EndGlobalSection
	GlobalSection(ProjectConfigurationPlatforms) = postSolution
		{F75A8267-481C-47DA-B904-ABDC9D3FD47F}.Debug|Any CPU.ActiveCfg = Debug|Any CPU
		{F75A8267-481C-47DA-B904-ABDC9D3FD47F}.Debug|Any CPU.Build.0 = Debug|Any CPU
		{F75A8267-481C-47DA-B904-ABDC9D3FD47F}.Release|Any CPU.ActiveCfg = Release|Any CPU
		{F75A8267-481C-47DA-B904-ABDC9D3FD47F}.Release|Any CPU.Build.0 = Release|Any CPU
	EndGlobalSection
	GlobalSection(SolutionProperties) = preSolution
		HideSolutionNode = FALSE
	EndGlobalSection
	GlobalSection(ExtensibilityGlobals) = postSolution
		SolutionGuid = {A448F353-1DC5-41D0-88EC-A39042845FF3}
	EndGlobalSection
EndGlobal
